
Microsoft Visual Studio Solution File, Format Version 12.00
# Visual Studio Version 16
VisualStudioVersion = 16.0.30523.141
MinimumVisualStudioVersion = 10.0.40219.1
Project("{FAE04EC0-301F-11D3-BF4B-00C04F79EFBC}") = "libBanque", "libBanque\libBanque.csproj", "{DD173C33-002E-405A-8845-AD0E44E16276}"
EndProject
Project("{FAE04EC0-301F-11D3-BF4B-00C04F79EFBC}") = "AppConsoleBanque", "AppConsoleBanque\AppConsoleBanque.csproj", "{6D5B588B-A3B8-4C1A-9FAB-E6B4A21415B3}"
EndProject
Project("{FAE04EC0-301F-11D3-BF4B-00C04F79EFBC}") = "AppWindoBanque", "AppWindoBanque\AppWindoBanque.csproj", "{3FAA00D2-D53D-4731-B48E-31826482728B}"
EndProject
Global
	GlobalSection(SolutionConfigurationPlatforms) = preSolution
		Debug|Any CPU = Debug|Any CPU
		Release|Any CPU = Release|Any CPU
	EndGlobalSection
	GlobalSection(ProjectConfigurationPlatforms) = postSolution
		{DD173C33-002E-405A-8845-AD0E44E16276}.Debug|Any CPU.ActiveCfg = Debug|Any CPU
		{DD173C33-002E-405A-8845-AD0E44E16276}.Debug|Any CPU.Build.0 = Debug|Any CPU
		{DD173C33-002E-405A-8845-AD0E44E16276}.Release|Any CPU.ActiveCfg = Release|Any CPU
		{DD173C33-002E-405A-8845-AD0E44E16276}.Release|Any CPU.Build.0 = Release|Any CPU
		{6D5B588B-A3B8-4C1A-9FAB-E6B4A21415B3}.Debug|Any CPU.ActiveCfg = Debug|Any CPU
		{6D5B588B-A3B8-4C1A-9FAB-E6B4A21415B3}.Debug|Any CPU.Build.0 = Debug|Any CPU
		{6D5B588B-A3B8-4C1A-9FAB-E6B4A21415B3}.Release|Any CPU.ActiveCfg = Release|Any CPU
		{6D5B588B-A3B8-4C1A-9FAB-E6B4A21415B3}.Release|Any CPU.Build.0 = Release|Any CPU
		{3FAA00D2-D53D-4731-B48E-31826482728B}.Debug|Any CPU.ActiveCfg = Debug|Any CPU
		{3FAA00D2-D53D-4731-B48E-31826482728B}.Debug|Any CPU.Build.0 = Debug|Any CPU
		{3FAA00D2-D53D-4731-B48E-31826482728B}.Release|Any CPU.ActiveCfg = Release|Any CPU
		{3FAA00D2-D53D-4731-B48E-31826482728B}.Release|Any CPU.Build.0 = Release|Any CPU
	EndGlobalSection
	GlobalSection(SolutionProperties) = preSolution
		HideSolutionNode = FALSE
	EndGlobalSection
	GlobalSection(ExtensibilityGlobals) = postSolution
		SolutionGuid = {D4EB6B28-A91F-4E2E-B10E-555DBD2A3E23}
	EndGlobalSection
EndGlobal
