
Microsoft Visual Studio Solution File, Format Version 12.00
# Visual Studio Version 16
VisualStudioVersion = 16.0.30503.244
MinimumVisualStudioVersion = 10.0.40219.1
Project("{FAE04EC0-301F-11D3-BF4B-00C04F79EFBC}") = "CP03 TD1 EX2", "CP03 TD1 EX2\CP03 TD1 EX2.csproj", "{D867A52F-567C-4360-9BA4-B9F77406F1D4}"
EndProject
Global
	GlobalSection(SolutionConfigurationPlatforms) = preSolution
		Debug|Any CPU = Debug|Any CPU
		Release|Any CPU = Release|Any CPU
	EndGlobalSection
	GlobalSection(ProjectConfigurationPlatforms) = postSolution
		{D867A52F-567C-4360-9BA4-B9F77406F1D4}.Debug|Any CPU.ActiveCfg = Debug|Any CPU
		{D867A52F-567C-4360-9BA4-B9F77406F1D4}.Debug|Any CPU.Build.0 = Debug|Any CPU
		{D867A52F-567C-4360-9BA4-B9F77406F1D4}.Release|Any CPU.ActiveCfg = Release|Any CPU
		{D867A52F-567C-4360-9BA4-B9F77406F1D4}.Release|Any CPU.Build.0 = Release|Any CPU
	EndGlobalSection
	GlobalSection(SolutionProperties) = preSolution
		HideSolutionNode = FALSE
	EndGlobalSection
	GlobalSection(ExtensibilityGlobals) = postSolution
		SolutionGuid = {27280D5D-1850-4A2C-AC42-662DE171D936}
	EndGlobalSection
EndGlobal
