
Microsoft Visual Studio Solution File, Format Version 12.00
# Visual Studio Version 16
VisualStudioVersion = 16.0.30523.141
MinimumVisualStudioVersion = 10.0.40219.1
Project("{FAE04EC0-301F-11D3-BF4B-00C04F79EFBC}") = "TpCamaurel-Kevin", "TpCamaurel-Kevin\TpCamaurel-Kevin.csproj", "{051926BC-AFA9-475E-9780-F5DB49C8C9B7}"
EndProject
Project("{FAE04EC0-301F-11D3-BF4B-00C04F79EFBC}") = "GestionNoteFrais", "GestionNoteFrais\GestionNoteFrais.csproj", "{5B1BA5BF-CE1E-4CF4-8944-D5442AA4CC00}"
EndProject
Global
	GlobalSection(SolutionConfigurationPlatforms) = preSolution
		Debug|Any CPU = Debug|Any CPU
		Release|Any CPU = Release|Any CPU
	EndGlobalSection
	GlobalSection(ProjectConfigurationPlatforms) = postSolution
		{051926BC-AFA9-475E-9780-F5DB49C8C9B7}.Debug|Any CPU.ActiveCfg = Debug|Any CPU
		{051926BC-AFA9-475E-9780-F5DB49C8C9B7}.Debug|Any CPU.Build.0 = Debug|Any CPU
		{051926BC-AFA9-475E-9780-F5DB49C8C9B7}.Release|Any CPU.ActiveCfg = Release|Any CPU
		{051926BC-AFA9-475E-9780-F5DB49C8C9B7}.Release|Any CPU.Build.0 = Release|Any CPU
		{5B1BA5BF-CE1E-4CF4-8944-D5442AA4CC00}.Debug|Any CPU.ActiveCfg = Debug|Any CPU
		{5B1BA5BF-CE1E-4CF4-8944-D5442AA4CC00}.Debug|Any CPU.Build.0 = Debug|Any CPU
		{5B1BA5BF-CE1E-4CF4-8944-D5442AA4CC00}.Release|Any CPU.ActiveCfg = Release|Any CPU
		{5B1BA5BF-CE1E-4CF4-8944-D5442AA4CC00}.Release|Any CPU.Build.0 = Release|Any CPU
	EndGlobalSection
	GlobalSection(SolutionProperties) = preSolution
		HideSolutionNode = FALSE
	EndGlobalSection
	GlobalSection(ExtensibilityGlobals) = postSolution
		SolutionGuid = {2B521706-4CAA-47FB-8292-F2B096E1B8B6}
	EndGlobalSection
EndGlobal
