
Microsoft Visual Studio Solution File, Format Version 12.00
# Visual Studio Version 16
VisualStudioVersion = 16.0.30503.244
MinimumVisualStudioVersion = 10.0.40219.1
Project("{FAE04EC0-301F-11D3-BF4B-00C04F79EFBC}") = "CP03 TD2 EX1 Eleves", "CP03 TD2 EX1 Eleves\CP03 TD2 EX1 Eleves.csproj", "{5D82853C-750F-40CA-A631-392BEC214459}"
EndProject
Global
	GlobalSection(SolutionConfigurationPlatforms) = preSolution
		Debug|Any CPU = Debug|Any CPU
		Release|Any CPU = Release|Any CPU
	EndGlobalSection
	GlobalSection(ProjectConfigurationPlatforms) = postSolution
		{5D82853C-750F-40CA-A631-392BEC214459}.Debug|Any CPU.ActiveCfg = Debug|Any CPU
		{5D82853C-750F-40CA-A631-392BEC214459}.Debug|Any CPU.Build.0 = Debug|Any CPU
		{5D82853C-750F-40CA-A631-392BEC214459}.Release|Any CPU.ActiveCfg = Release|Any CPU
		{5D82853C-750F-40CA-A631-392BEC214459}.Release|Any CPU.Build.0 = Release|Any CPU
	EndGlobalSection
	GlobalSection(SolutionProperties) = preSolution
		HideSolutionNode = FALSE
	EndGlobalSection
	GlobalSection(ExtensibilityGlobals) = postSolution
		SolutionGuid = {B3E0AF3F-A075-4488-8057-687F72CCC289}
	EndGlobalSection
EndGlobal
